
Microsoft Visual Studio Solution File, Format Version 12.00
# Visual Studio Version 17
VisualStudioVersion = 17.14.36408.4 d17.14
MinimumVisualStudioVersion = 10.0.40219.1
Project("{FAE04EC0-301F-11D3-BF4B-00C04F79EFBC}") = "IndexerTask", "IndexerTask.csproj", "{B203DCEA-972D-4DF0-9596-900E6B2A1E29}"
EndProject
Global
	GlobalSection(SolutionConfigurationPlatforms) = preSolution
		Debug|Any CPU = Debug|Any CPU
		Release|Any CPU = Release|Any CPU
	EndGlobalSection
	GlobalSection(ProjectConfigurationPlatforms) = postSolution
		{B203DCEA-972D-4DF0-9596-900E6B2A1E29}.Debug|Any CPU.ActiveCfg = Debug|Any CPU
		{B203DCEA-972D-4DF0-9596-900E6B2A1E29}.Debug|Any CPU.Build.0 = Debug|Any CPU
		{B203DCEA-972D-4DF0-9596-900E6B2A1E29}.Release|Any CPU.ActiveCfg = Release|Any CPU
		{B203DCEA-972D-4DF0-9596-900E6B2A1E29}.Release|Any CPU.Build.0 = Release|Any CPU
	EndGlobalSection
	GlobalSection(SolutionProperties) = preSolution
		HideSolutionNode = FALSE
	EndGlobalSection
	GlobalSection(ExtensibilityGlobals) = postSolution
		SolutionGuid = {126F2F3D-EDE8-47EA-A846-595ECBA92578}
	EndGlobalSection
EndGlobal
